// !$*UTF8*$!
{
	archiveVersion = 1;
	classes = {
	};
	objectVersion = 46;
	objects = {

/* Begin PBXAggregateTarget section */
		27AD491F17A471F300D85D21 /* Run Install Script */ = {
			isa = PBXAggregateTarget;
			buildConfigurationList = 27AD492017A471F300D85D21 /* Build configuration list for PBXAggregateTarget "Run Install Script" */;
			buildPhases = (
				27AD492717A4735100D85D21 /* ShellScript */,
			);
			dependencies = (
			);
			name = "Run Install Script";
			productName = "Run Install Script";
		};
/* End PBXAggregateTarget section */

/* Begin PBXFileReference section */
		27751F8017AD949500447326 /* FishLamp.py */ = {isa = PBXFileReference; lastKnownFileType = text.script.python; path = FishLamp.py; sourceTree = "<group>"; };
		27751F8117ADA64600447326 /* install-xcode-configs.py */ = {isa = PBXFileReference; lastKnownFileType = text.script.python; path = "install-xcode-configs.py"; sourceTree = "<group>"; };
		27751FA017AEB17000447326 /* FishLampUtils.py */ = {isa = PBXFileReference; lastKnownFileType = text.script.python; path = FishLampUtils.py; sourceTree = "<group>"; };
		27751FA117AEB33A00447326 /* FishLampScript.py */ = {isa = PBXFileReference; lastKnownFileType = text.script.python; path = FishLampScript.py; sourceTree = "<group>"; };
		27751FA217AEB38900447326 /* FishLampPiece.py */ = {isa = PBXFileReference; lastKnownFileType = text.script.python; path = FishLampPiece.py; sourceTree = "<group>"; };
		27751FA317AEB92900447326 /* FishLampGit.py */ = {isa = PBXFileReference; lastKnownFileType = text.script.python; path = FishLampGit.py; sourceTree = "<group>"; };
		27751FA417AEBED600447326 /* repo.py */ = {isa = PBXFileReference; lastKnownFileType = text.script.python; path = repo.py; sourceTree = "<group>"; };
		27751FA817AECADE00447326 /* submodules.py */ = {isa = PBXFileReference; lastKnownFileType = text.script.python; path = submodules.py; sourceTree = "<group>"; };
		27751FA917AEDE1E00447326 /* fek.py */ = {isa = PBXFileReference; lastKnownFileType = text.script.python; path = fek.py; sourceTree = "<group>"; };
		27AD492417A471FE00D85D21 /* install.sh */ = {isa = PBXFileReference; lastKnownFileType = text.script.sh; name = install.sh; path = ../install.sh; sourceTree = "<group>"; };
		27AD492E17A48D1500D85D21 /* update-submodule.sh */ = {isa = PBXFileReference; lastKnownFileType = text.script.sh; path = "update-submodule.sh"; sourceTree = "<group>"; };
		27AD493817A48D1500D85D21 /* fishlamp.sh */ = {isa = PBXFileReference; lastKnownFileType = text.script.sh; path = fishlamp.sh; sourceTree = "<group>"; };
		27AD493917A48D9E00D85D21 /* help.sh */ = {isa = PBXFileReference; lastKnownFileType = text.script.sh; path = help.sh; sourceTree = "<group>"; };
		27AD493B17A492CE00D85D21 /* find.py */ = {isa = PBXFileReference; lastKnownFileType = text.script.python; path = find.py; sourceTree = "<group>"; };
		27AD493C17A4957B00D85D21 /* fishlamp-script-installer.sh */ = {isa = PBXFileReference; lastKnownFileType = text.script.sh; path = "fishlamp-script-installer.sh"; sourceTree = "<group>"; };
		27F97BC517AD602900DE3BE0 /* pieces.py */ = {isa = PBXFileReference; lastKnownFileType = text.script.python; path = pieces.py; sourceTree = "<group>"; };
		27F97BC617AD659100DE3BE0 /* scripts-path.sh */ = {isa = PBXFileReference; lastKnownFileType = text.script.sh; path = "scripts-path.sh"; sourceTree = "<group>"; };
		27F97BC717AD717700DE3BE0 /* scratch-pad.sh */ = {isa = PBXFileReference; lastKnownFileType = text.script.sh; path = "scratch-pad.sh"; sourceTree = "<group>"; };
		27F97BC817AD718D00DE3BE0 /* scratch-pad.py */ = {isa = PBXFileReference; lastKnownFileType = text.script.python; path = "scratch-pad.py"; sourceTree = "<group>"; };
/* End PBXFileReference section */

/* Begin PBXGroup section */
		27751F7B17AD92AF00447326 /* FishLampShared */ = {
			isa = PBXGroup;
			children = (
				27751F8017AD949500447326 /* FishLamp.py */,
				27751FA017AEB17000447326 /* FishLampUtils.py */,
				27751FA117AEB33A00447326 /* FishLampScript.py */,
				27751FA217AEB38900447326 /* FishLampPiece.py */,
				27751FA317AEB92900447326 /* FishLampGit.py */,
			);
			path = FishLampShared;
			sourceTree = "<group>";
		};
		27AD491817A471E100D85D21 = {
			isa = PBXGroup;
			children = (
				27F97BC817AD718D00DE3BE0 /* scratch-pad.py */,
				27F97BC717AD717700DE3BE0 /* scratch-pad.sh */,
				27AD492517A4731900D85D21 /* Scripts */,
				27AD492417A471FE00D85D21 /* install.sh */,
			);
			sourceTree = "<group>";
		};
		27AD492517A4731900D85D21 /* Scripts */ = {
			isa = PBXGroup;
			children = (
				27751F7B17AD92AF00447326 /* FishLampShared */,
				27AD492D17A48D1500D85D21 /* commands */,
				27AD493817A48D1500D85D21 /* fishlamp.sh */,
				27AD493C17A4957B00D85D21 /* fishlamp-script-installer.sh */,
				27751FA917AEDE1E00447326 /* fek.py */,
			);
			name = Scripts;
			path = ../Scripts;
			sourceTree = "<group>";
		};
		27AD492D17A48D1500D85D21 /* commands */ = {
			isa = PBXGroup;
			children = (
				27751FA817AECADE00447326 /* submodules.py */,
				27AD493B17A492CE00D85D21 /* find.py */,
				27AD493917A48D9E00D85D21 /* help.sh */,
				27751F8117ADA64600447326 /* install-xcode-configs.py */,
				27F97BC517AD602900DE3BE0 /* pieces.py */,
				27F97BC617AD659100DE3BE0 /* scripts-path.sh */,
				27AD492E17A48D1500D85D21 /* update-submodule.sh */,
				27751FA417AEBED600447326 /* repo.py */,
			);
			path = commands;
			sourceTree = "<group>";
		};
/* End PBXGroup section */

/* Begin PBXProject section */
		27AD491917A471E100D85D21 /* Project object */ = {
			isa = PBXProject;
			attributes = {
				LastUpgradeCheck = 0500;
			};
			buildConfigurationList = 27AD491C17A471E100D85D21 /* Build configuration list for PBXProject "fishlamp-install" */;
			compatibilityVersion = "Xcode 3.2";
			developmentRegion = English;
			hasScannedForEncodings = 0;
			knownRegions = (
				en,
			);
			mainGroup = 27AD491817A471E100D85D21;
			projectDirPath = "";
			projectRoot = "";
			targets = (
				27AD491F17A471F300D85D21 /* Run Install Script */,
			);
		};
/* End PBXProject section */

/* Begin PBXShellScriptBuildPhase section */
		27AD492717A4735100D85D21 /* ShellScript */ = {
			isa = PBXShellScriptBuildPhase;
			buildActionMask = 2147483647;
			files = (
			);
			inputPaths = (
			);
			outputPaths = (
			);
			runOnlyForDeploymentPostprocessing = 0;
			shellPath = /bin/sh;
			shellScript = "bash \"$PROJECT_DIR/../install.sh\"";
			showEnvVarsInLog = 0;
		};
/* End PBXShellScriptBuildPhase section */

/* Begin XCBuildConfiguration section */
		27AD491D17A471E100D85D21 /* Debug */ = {
			isa = XCBuildConfiguration;
			buildSettings = {
			};
			name = Debug;
		};
		27AD491E17A471E100D85D21 /* Release */ = {
			isa = XCBuildConfiguration;
			buildSettings = {
			};
			name = Release;
		};
		27AD492117A471F300D85D21 /* Debug */ = {
			isa = XCBuildConfiguration;
			buildSettings = {
				PRODUCT_NAME = "$(TARGET_NAME)";
			};
			name = Debug;
		};
		27AD492217A471F300D85D21 /* Release */ = {
			isa = XCBuildConfiguration;
			buildSettings = {
				PRODUCT_NAME = "$(TARGET_NAME)";
			};
			name = Release;
		};
/* End XCBuildConfiguration section */

/* Begin XCConfigurationList section */
		27AD491C17A471E100D85D21 /* Build configuration list for PBXProject "fishlamp-install" */ = {
			isa = XCConfigurationList;
			buildConfigurations = (
				27AD491D17A471E100D85D21 /* Debug */,
				27AD491E17A471E100D85D21 /* Release */,
			);
			defaultConfigurationIsVisible = 0;
			defaultConfigurationName = Release;
		};
		27AD492017A471F300D85D21 /* Build configuration list for PBXAggregateTarget "Run Install Script" */ = {
			isa = XCConfigurationList;
			buildConfigurations = (
				27AD492117A471F300D85D21 /* Debug */,
				27AD492217A471F300D85D21 /* Release */,
			);
			defaultConfigurationIsVisible = 0;
			defaultConfigurationName = Release;
		};
/* End XCConfigurationList section */
	};
	rootObject = 27AD491917A471E100D85D21 /* Project object */;
}
